<?xml version="1.0" encoding="utf-8"?>
<Project ToolsVersion="4.0" xmlns="http://schemas.microsoft.com/developer/msbuild/2003">
  <ItemGroup>
    <Filter Include="Resource Files">
      <UniqueIdentifier>{67DA6AB6-F800-4c08-8B7A-83BB121AAD01}</UniqueIdentifier>
      <Extensions>rc;ico;cur;bmp;dlg;rc2;rct;bin;rgs;gif;jpg;jpeg;jpe;resx;tiff;tif;png;wav;mfcribbon-ms</Extensions>
    </Filter>
    <Filter Include="ThirdParty">
      <UniqueIdentifier>{7d589fc3-7337-4b0c-bbcc-99c76ab99a96}</UniqueIdentifier>
    </Filter>
    <Filter Include="Sources">
      <UniqueIdentifier>{4FC737F1-C7A5-4376-A066-2A32D752A2FF}</UniqueIdentifier>
      <Extensions>cpp;c;cc;cxx;c++;cppm;ixx;def;odl;idl;hpj;bat;asm;asmx</Extensions>
    </Filter>
  </ItemGroup>
  <ItemGroup>
    <ClCompile Include="Sources\Joycon.cpp">
      <Filter>Sources</Filter>
    </ClCompile>
    <ClCompile Include="Sources\Main.cpp">
      <Filter>Sources</Filter>
    </ClCompile>
    <ClCompile Include="Sources\JoyconUtils.cpp">
      <Filter>Sources</Filter>
    </ClCompile>
    <ClCompile Include="Sources\JoyconTypes.cpp">
      <Filter>Sources</Filter>
    </ClCompile>
    <ClCompile Include="ThirdParty\Sources\hid\src\hid.c">
      <Filter>ThirdParty</Filter>
    </ClCompile>
    <ClCompile Include="ThirdParty\Sources\ViGEmClient\src\ViGEmClient.cpp">
      <Filter>ThirdParty</Filter>
    </ClCompile>
  </ItemGroup>
  <ItemGroup>
    <ClInclude Include="Sources\Joycon.h">
      <Filter>Sources</Filter>
    </ClInclude>
    <ClInclude Include="Sources\JoyconUtils.h">
      <Filter>Sources</Filter>
    </ClInclude>
    <ClInclude Include="Sources\JoyconTypes.h">
      <Filter>Sources</Filter>
    </ClInclude>
  </ItemGroup>
</Project>